
Microsoft Visual Studio Solution File, Format Version 12.00
# Visual Studio 14
VisualStudioVersion = 14.0.25420.1
MinimumVisualStudioVersion = 10.0.40219.1
Project("{FAE04EC0-301F-11D3-BF4B-00C04F79EFBC}") = "Revisao", "Revisao\Revisao.csproj", "{2E2281E8-6806-4878-B1E1-1EC6B8CA337C}"
EndProject
Global
	GlobalSection(SolutionConfigurationPlatforms) = preSolution
		Debug|Any CPU = Debug|Any CPU
		Release|Any CPU = Release|Any CPU
	EndGlobalSection
	GlobalSection(ProjectConfigurationPlatforms) = postSolution
		{2E2281E8-6806-4878-B1E1-1EC6B8CA337C}.Debug|Any CPU.ActiveCfg = Debug|Any CPU
		{2E2281E8-6806-4878-B1E1-1EC6B8CA337C}.Debug|Any CPU.Build.0 = Debug|Any CPU
		{2E2281E8-6806-4878-B1E1-1EC6B8CA337C}.Release|Any CPU.ActiveCfg = Release|Any CPU
		{2E2281E8-6806-4878-B1E1-1EC6B8CA337C}.Release|Any CPU.Build.0 = Release|Any CPU
	EndGlobalSection
	GlobalSection(SolutionProperties) = preSolution
		HideSolutionNode = FALSE
	EndGlobalSection
EndGlobal
